// !$*UTF8*$!
{
	archiveVersion = 1;
	classes = {
	};
	objectVersion = 56;
	objects = {

/* Begin PBXBuildFile section */
		1BCB403AE9953B3F24FE5247 /* Pods_TitlecaseConverterTests.framework in Frameworks */ = {isa = PBXBuildFile; fileRef = 5A943B88F3EC380728D051E8 /* Pods_TitlecaseConverterTests.framework */; };
		CC4979162B74FF74005AAC48 /* ProgrammaticUIVC.swift in Sources */ = {isa = PBXBuildFile; fileRef = CC4979152B74FF74005AAC48 /* ProgrammaticUIVC.swift */; };
		CC5948F02B7491E1007546CB /* BLTNBoard in Frameworks */ = {isa = PBXBuildFile; productRef = CC5948EF2B7491E1007546CB /* BLTNBoard */; };
		CC5948F32B749229007546CB /* BottomSheetVC.swift in Sources */ = {isa = PBXBuildFile; fileRef = CC5948F22B749229007546CB /* BottomSheetVC.swift */; };
		CCABF8732B7366AA00C01AD8 /* AppDelegate.swift in Sources */ = {isa = PBXBuildFile; fileRef = CCABF8722B7366AA00C01AD8 /* AppDelegate.swift */; };
		CCABF8752B7366AA00C01AD8 /* SceneDelegate.swift in Sources */ = {isa = PBXBuildFile; fileRef = CCABF8742B7366AA00C01AD8 /* SceneDelegate.swift */; };
		CCABF8772B7366AA00C01AD8 /* ViewController.swift in Sources */ = {isa = PBXBuildFile; fileRef = CCABF8762B7366AA00C01AD8 /* ViewController.swift */; };
		CCABF87A2B7366AA00C01AD8 /* Main.storyboard in Resources */ = {isa = PBXBuildFile; fileRef = CCABF8782B7366AA00C01AD8 /* Main.storyboard */; };
		CCABF87C2B7366AC00C01AD8 /* Assets.xcassets in Resources */ = {isa = PBXBuildFile; fileRef = CCABF87B2B7366AC00C01AD8 /* Assets.xcassets */; };
		CCABF87F2B7366AC00C01AD8 /* LaunchScreen.storyboard in Resources */ = {isa = PBXBuildFile; fileRef = CCABF87D2B7366AC00C01AD8 /* LaunchScreen.storyboard */; };
		CCABF88A2B7366AC00C01AD8 /* TitlecaseConverterTests.swift in Sources */ = {isa = PBXBuildFile; fileRef = CCABF8892B7366AC00C01AD8 /* TitlecaseConverterTests.swift */; };
		CCABF8942B7366AC00C01AD8 /* TitlecaseConverterUITests.swift in Sources */ = {isa = PBXBuildFile; fileRef = CCABF8932B7366AC00C01AD8 /* TitlecaseConverterUITests.swift */; };
		CCABF8962B7366AC00C01AD8 /* TitlecaseConverterUITestsLaunchTests.swift in Sources */ = {isa = PBXBuildFile; fileRef = CCABF8952B7366AC00C01AD8 /* TitlecaseConverterUITestsLaunchTests.swift */; };
		CCABF8A92B73680600C01AD8 /* TitlecaseTVC.swift in Sources */ = {isa = PBXBuildFile; fileRef = CCABF8A72B73680600C01AD8 /* TitlecaseTVC.swift */; };
		CCABF8AA2B73680600C01AD8 /* TitlecaseTVC.xib in Resources */ = {isa = PBXBuildFile; fileRef = CCABF8A82B73680600C01AD8 /* TitlecaseTVC.xib */; };
		CCABF8B02B7382D800C01AD8 /* UITaskVC.swift in Sources */ = {isa = PBXBuildFile; fileRef = CCABF8AF2B7382D800C01AD8 /* UITaskVC.swift */; };
		CCABF8B42B7384F100C01AD8 /* UITaskTVC.swift in Sources */ = {isa = PBXBuildFile; fileRef = CCABF8B22B7384F100C01AD8 /* UITaskTVC.swift */; };
		CCABF8B52B7384F100C01AD8 /* UITaskTVC.xib in Resources */ = {isa = PBXBuildFile; fileRef = CCABF8B32B7384F100C01AD8 /* UITaskTVC.xib */; };
		CCABF8B82B73939800C01AD8 /* SDWebImage in Frameworks */ = {isa = PBXBuildFile; productRef = CCABF8B72B73939800C01AD8 /* SDWebImage */; };
		CCABF8BA2B73939800C01AD8 /* SDWebImageMapKit in Frameworks */ = {isa = PBXBuildFile; productRef = CCABF8B92B73939800C01AD8 /* SDWebImageMapKit */; };
		CCF4E2482B75D8FB00AB4809 /* TableViewCell.swift in Sources */ = {isa = PBXBuildFile; fileRef = CCF4E2472B75D8FB00AB4809 /* TableViewCell.swift */; };
		ED3F4B60B126A4F0CCBF76B2 /* Pods_TitlecaseConverter_TitlecaseConverterUITests.framework in Frameworks */ = {isa = PBXBuildFile; fileRef = 6C67537CFA9A57A141AC1CFD /* Pods_TitlecaseConverter_TitlecaseConverterUITests.framework */; };
/* End PBXBuildFile section */

/* Begin PBXContainerItemProxy section */
		CCABF8862B7366AC00C01AD8 /* PBXContainerItemProxy */ = {
			isa = PBXContainerItemProxy;
			containerPortal = CCABF8672B7366AA00C01AD8 /* Project object */;
			proxyType = 1;
			remoteGlobalIDString = CCABF86E2B7366AA00C01AD8;
			remoteInfo = TitlecaseConverter;
		};
		CCABF8902B7366AC00C01AD8 /* PBXContainerItemProxy */ = {
			isa = PBXContainerItemProxy;
			containerPortal = CCABF8672B7366AA00C01AD8 /* Project object */;
			proxyType = 1;
			remoteGlobalIDString = CCABF86E2B7366AA00C01AD8;
			remoteInfo = TitlecaseConverter;
		};
/* End PBXContainerItemProxy section */

/* Begin PBXFileReference section */
		2C5FE3AEC231975F70E7C1EC /* Pods_TitlecaseConverter.framework */ = {isa = PBXFileReference; explicitFileType = wrapper.framework; includeInIndex = 0; path = Pods_TitlecaseConverter.framework; sourceTree = BUILT_PRODUCTS_DIR; };
		31396EC733CEF3572F7941AE /* Pods-TitlecaseConverter-TitlecaseConverterUITests.release.xcconfig */ = {isa = PBXFileReference; includeInIndex = 1; lastKnownFileType = text.xcconfig; name = "Pods-TitlecaseConverter-TitlecaseConverterUITests.release.xcconfig"; path = "Target Support Files/Pods-TitlecaseConverter-TitlecaseConverterUITests/Pods-TitlecaseConverter-TitlecaseConverterUITests.release.xcconfig"; sourceTree = "<group>"; };
		4CDF8B35AC70937C9159F4DD /* Pods-TitlecaseConverter-TitlecaseConverterUITests.debug.xcconfig */ = {isa = PBXFileReference; includeInIndex = 1; lastKnownFileType = text.xcconfig; name = "Pods-TitlecaseConverter-TitlecaseConverterUITests.debug.xcconfig"; path = "Target Support Files/Pods-TitlecaseConverter-TitlecaseConverterUITests/Pods-TitlecaseConverter-TitlecaseConverterUITests.debug.xcconfig"; sourceTree = "<group>"; };
		56482E1374162FD3A937FE3F /* Pods-TitlecaseConverterTests.release.xcconfig */ = {isa = PBXFileReference; includeInIndex = 1; lastKnownFileType = text.xcconfig; name = "Pods-TitlecaseConverterTests.release.xcconfig"; path = "Target Support Files/Pods-TitlecaseConverterTests/Pods-TitlecaseConverterTests.release.xcconfig"; sourceTree = "<group>"; };
		5A943B88F3EC380728D051E8 /* Pods_TitlecaseConverterTests.framework */ = {isa = PBXFileReference; explicitFileType = wrapper.framework; includeInIndex = 0; path = Pods_TitlecaseConverterTests.framework; sourceTree = BUILT_PRODUCTS_DIR; };
		6C67537CFA9A57A141AC1CFD /* Pods_TitlecaseConverter_TitlecaseConverterUITests.framework */ = {isa = PBXFileReference; explicitFileType = wrapper.framework; includeInIndex = 0; path = Pods_TitlecaseConverter_TitlecaseConverterUITests.framework; sourceTree = BUILT_PRODUCTS_DIR; };
		A32672A18C40A4C5E072FA96 /* Pods-TitlecaseConverter.release.xcconfig */ = {isa = PBXFileReference; includeInIndex = 1; lastKnownFileType = text.xcconfig; name = "Pods-TitlecaseConverter.release.xcconfig"; path = "Target Support Files/Pods-TitlecaseConverter/Pods-TitlecaseConverter.release.xcconfig"; sourceTree = "<group>"; };
		B1FBDF09C7A83D53DC5BF246 /* Pods-TitlecaseConverterTests.debug.xcconfig */ = {isa = PBXFileReference; includeInIndex = 1; lastKnownFileType = text.xcconfig; name = "Pods-TitlecaseConverterTests.debug.xcconfig"; path = "Target Support Files/Pods-TitlecaseConverterTests/Pods-TitlecaseConverterTests.debug.xcconfig"; sourceTree = "<group>"; };
		CC2671821F76182C50F31AD2 /* Pods-TitlecaseConverter.debug.xcconfig */ = {isa = PBXFileReference; includeInIndex = 1; lastKnownFileType = text.xcconfig; name = "Pods-TitlecaseConverter.debug.xcconfig"; path = "Target Support Files/Pods-TitlecaseConverter/Pods-TitlecaseConverter.debug.xcconfig"; sourceTree = "<group>"; };
		CC4979152B74FF74005AAC48 /* ProgrammaticUIVC.swift */ = {isa = PBXFileReference; lastKnownFileType = sourcecode.swift; path = ProgrammaticUIVC.swift; sourceTree = "<group>"; };
		CC5948F22B749229007546CB /* BottomSheetVC.swift */ = {isa = PBXFileReference; lastKnownFileType = sourcecode.swift; path = BottomSheetVC.swift; sourceTree = "<group>"; };
		CCABF86F2B7366AA00C01AD8 /* TitlecaseConverter.app */ = {isa = PBXFileReference; explicitFileType = wrapper.application; includeInIndex = 0; path = TitlecaseConverter.app; sourceTree = BUILT_PRODUCTS_DIR; };
		CCABF8722B7366AA00C01AD8 /* AppDelegate.swift */ = {isa = PBXFileReference; lastKnownFileType = sourcecode.swift; path = AppDelegate.swift; sourceTree = "<group>"; };
		CCABF8742B7366AA00C01AD8 /* SceneDelegate.swift */ = {isa = PBXFileReference; lastKnownFileType = sourcecode.swift; path = SceneDelegate.swift; sourceTree = "<group>"; };
		CCABF8762B7366AA00C01AD8 /* ViewController.swift */ = {isa = PBXFileReference; lastKnownFileType = sourcecode.swift; path = ViewController.swift; sourceTree = "<group>"; };
		CCABF8792B7366AA00C01AD8 /* Base */ = {isa = PBXFileReference; lastKnownFileType = file.storyboard; name = Base; path = Base.lproj/Main.storyboard; sourceTree = "<group>"; };
		CCABF87B2B7366AC00C01AD8 /* Assets.xcassets */ = {isa = PBXFileReference; lastKnownFileType = folder.assetcatalog; path = Assets.xcassets; sourceTree = "<group>"; };
		CCABF87E2B7366AC00C01AD8 /* Base */ = {isa = PBXFileReference; lastKnownFileType = file.storyboard; name = Base; path = Base.lproj/LaunchScreen.storyboard; sourceTree = "<group>"; };
		CCABF8802B7366AC00C01AD8 /* Info.plist */ = {isa = PBXFileReference; lastKnownFileType = text.plist.xml; path = Info.plist; sourceTree = "<group>"; };
		CCABF8852B7366AC00C01AD8 /* TitlecaseConverterTests.xctest */ = {isa = PBXFileReference; explicitFileType = wrapper.cfbundle; includeInIndex = 0; path = TitlecaseConverterTests.xctest; sourceTree = BUILT_PRODUCTS_DIR; };
		CCABF8892B7366AC00C01AD8 /* TitlecaseConverterTests.swift */ = {isa = PBXFileReference; lastKnownFileType = sourcecode.swift; path = TitlecaseConverterTests.swift; sourceTree = "<group>"; };
		CCABF88F2B7366AC00C01AD8 /* TitlecaseConverterUITests.xctest */ = {isa = PBXFileReference; explicitFileType = wrapper.cfbundle; includeInIndex = 0; path = TitlecaseConverterUITests.xctest; sourceTree = BUILT_PRODUCTS_DIR; };
		CCABF8932B7366AC00C01AD8 /* TitlecaseConverterUITests.swift */ = {isa = PBXFileReference; lastKnownFileType = sourcecode.swift; path = TitlecaseConverterUITests.swift; sourceTree = "<group>"; };
		CCABF8952B7366AC00C01AD8 /* TitlecaseConverterUITestsLaunchTests.swift */ = {isa = PBXFileReference; lastKnownFileType = sourcecode.swift; path = TitlecaseConverterUITestsLaunchTests.swift; sourceTree = "<group>"; };
		CCABF8A72B73680600C01AD8 /* TitlecaseTVC.swift */ = {isa = PBXFileReference; lastKnownFileType = sourcecode.swift; path = TitlecaseTVC.swift; sourceTree = "<group>"; };
		CCABF8A82B73680600C01AD8 /* TitlecaseTVC.xib */ = {isa = PBXFileReference; lastKnownFileType = file.xib; path = TitlecaseTVC.xib; sourceTree = "<group>"; };
		CCABF8AF2B7382D800C01AD8 /* UITaskVC.swift */ = {isa = PBXFileReference; lastKnownFileType = sourcecode.swift; path = UITaskVC.swift; sourceTree = "<group>"; };
		CCABF8B22B7384F100C01AD8 /* UITaskTVC.swift */ = {isa = PBXFileReference; lastKnownFileType = sourcecode.swift; path = UITaskTVC.swift; sourceTree = "<group>"; };
		CCABF8B32B7384F100C01AD8 /* UITaskTVC.xib */ = {isa = PBXFileReference; lastKnownFileType = file.xib; path = UITaskTVC.xib; sourceTree = "<group>"; };
		CCF4E2472B75D8FB00AB4809 /* TableViewCell.swift */ = {isa = PBXFileReference; lastKnownFileType = sourcecode.swift; path = TableViewCell.swift; sourceTree = "<group>"; };
/* End PBXFileReference section */

/* Begin PBXFrameworksBuildPhase section */
		CCABF86C2B7366AA00C01AD8 /* Frameworks */ = {
			isa = PBXFrameworksBuildPhase;
			buildActionMask = 2147483647;
			files = (
				CCABF8BA2B73939800C01AD8 /* SDWebImageMapKit in Frameworks */,
				CC5948F02B7491E1007546CB /* BLTNBoard in Frameworks */,
				CCABF8B82B73939800C01AD8 /* SDWebImage in Frameworks */,
			);
			runOnlyForDeploymentPostprocessing = 0;
		};
		CCABF8822B7366AC00C01AD8 /* Frameworks */ = {
			isa = PBXFrameworksBuildPhase;
			buildActionMask = 2147483647;
			files = (
				1BCB403AE9953B3F24FE5247 /* Pods_TitlecaseConverterTests.framework in Frameworks */,
			);
			runOnlyForDeploymentPostprocessing = 0;
		};
		CCABF88C2B7366AC00C01AD8 /* Frameworks */ = {
			isa = PBXFrameworksBuildPhase;
			buildActionMask = 2147483647;
			files = (
				ED3F4B60B126A4F0CCBF76B2 /* Pods_TitlecaseConverter_TitlecaseConverterUITests.framework in Frameworks */,
			);
			runOnlyForDeploymentPostprocessing = 0;
		};
/* End PBXFrameworksBuildPhase section */

/* Begin PBXGroup section */
		3D707C62A5AFDF0DAFF8085D /* Frameworks */ = {
			isa = PBXGroup;
			children = (
				2C5FE3AEC231975F70E7C1EC /* Pods_TitlecaseConverter.framework */,
				6C67537CFA9A57A141AC1CFD /* Pods_TitlecaseConverter_TitlecaseConverterUITests.framework */,
				5A943B88F3EC380728D051E8 /* Pods_TitlecaseConverterTests.framework */,
			);
			name = Frameworks;
			sourceTree = "<group>";
		};
		94090AAF790E8823721DC47A /* Pods */ = {
			isa = PBXGroup;
			children = (
				CC2671821F76182C50F31AD2 /* Pods-TitlecaseConverter.debug.xcconfig */,
				A32672A18C40A4C5E072FA96 /* Pods-TitlecaseConverter.release.xcconfig */,
				4CDF8B35AC70937C9159F4DD /* Pods-TitlecaseConverter-TitlecaseConverterUITests.debug.xcconfig */,
				31396EC733CEF3572F7941AE /* Pods-TitlecaseConverter-TitlecaseConverterUITests.release.xcconfig */,
				B1FBDF09C7A83D53DC5BF246 /* Pods-TitlecaseConverterTests.debug.xcconfig */,
				56482E1374162FD3A937FE3F /* Pods-TitlecaseConverterTests.release.xcconfig */,
			);
			path = Pods;
			sourceTree = "<group>";
		};
		CC4979142B74FF4B005AAC48 /* ProgrammaticUI */ = {
			isa = PBXGroup;
			children = (
				CC4979152B74FF74005AAC48 /* ProgrammaticUIVC.swift */,
				CCF4E2472B75D8FB00AB4809 /* TableViewCell.swift */,
			);
			path = ProgrammaticUI;
			sourceTree = "<group>";
		};
		CC5948ED2B749127007546CB /* BottomSheet */ = {
			isa = PBXGroup;
			children = (
				CC5948F22B749229007546CB /* BottomSheetVC.swift */,
			);
			path = BottomSheet;
			sourceTree = "<group>";
		};
		CCABF8662B7366AA00C01AD8 = {
			isa = PBXGroup;
			children = (
				CCABF8712B7366AA00C01AD8 /* TitlecaseConverter */,
				CCABF8882B7366AC00C01AD8 /* TitlecaseConverterTests */,
				CCABF8922B7366AC00C01AD8 /* TitlecaseConverterUITests */,
				CCABF8702B7366AA00C01AD8 /* Products */,
				94090AAF790E8823721DC47A /* Pods */,
				3D707C62A5AFDF0DAFF8085D /* Frameworks */,
			);
			sourceTree = "<group>";
		};
		CCABF8702B7366AA00C01AD8 /* Products */ = {
			isa = PBXGroup;
			children = (
				CCABF86F2B7366AA00C01AD8 /* TitlecaseConverter.app */,
				CCABF8852B7366AC00C01AD8 /* TitlecaseConverterTests.xctest */,
				CCABF88F2B7366AC00C01AD8 /* TitlecaseConverterUITests.xctest */,
			);
			name = Products;
			sourceTree = "<group>";
		};
		CCABF8712B7366AA00C01AD8 /* TitlecaseConverter */ = {
			isa = PBXGroup;
			children = (
				CC4979142B74FF4B005AAC48 /* ProgrammaticUI */,
				CC5948ED2B749127007546CB /* BottomSheet */,
				CCABF8AC2B7381E900C01AD8 /* StoryboardTask */,
				CCABF8AB2B7381CE00C01AD8 /* TitleCaseTask */,
				CCABF8722B7366AA00C01AD8 /* AppDelegate.swift */,
				CCABF8742B7366AA00C01AD8 /* SceneDelegate.swift */,
				CCABF87B2B7366AC00C01AD8 /* Assets.xcassets */,
				CCABF8782B7366AA00C01AD8 /* Main.storyboard */,
				CCABF87D2B7366AC00C01AD8 /* LaunchScreen.storyboard */,
				CCABF8802B7366AC00C01AD8 /* Info.plist */,
			);
			path = TitlecaseConverter;
			sourceTree = "<group>";
		};
		CCABF8882B7366AC00C01AD8 /* TitlecaseConverterTests */ = {
			isa = PBXGroup;
			children = (
				CCABF8892B7366AC00C01AD8 /* TitlecaseConverterTests.swift */,
			);
			path = TitlecaseConverterTests;
			sourceTree = "<group>";
		};
		CCABF8922B7366AC00C01AD8 /* TitlecaseConverterUITests */ = {
			isa = PBXGroup;
			children = (
				CCABF8932B7366AC00C01AD8 /* TitlecaseConverterUITests.swift */,
				CCABF8952B7366AC00C01AD8 /* TitlecaseConverterUITestsLaunchTests.swift */,
			);
			path = TitlecaseConverterUITests;
			sourceTree = "<group>";
		};
		CCABF8A22B73675900C01AD8 /* Titlecasecell */ = {
			isa = PBXGroup;
			children = (
				CCABF8A72B73680600C01AD8 /* TitlecaseTVC.swift */,
				CCABF8A82B73680600C01AD8 /* TitlecaseTVC.xib */,
			);
			path = Titlecasecell;
			sourceTree = "<group>";
		};
		CCABF8AB2B7381CE00C01AD8 /* TitleCaseTask */ = {
			isa = PBXGroup;
			children = (
				CCABF8A22B73675900C01AD8 /* Titlecasecell */,
				CCABF8762B7366AA00C01AD8 /* ViewController.swift */,
			);
			path = TitleCaseTask;
			sourceTree = "<group>";
		};
		CCABF8AC2B7381E900C01AD8 /* StoryboardTask */ = {
			isa = PBXGroup;
			children = (
				CCABF8B12B7384CE00C01AD8 /* UITaskcell */,
				CCABF8AF2B7382D800C01AD8 /* UITaskVC.swift */,
			);
			path = StoryboardTask;
			sourceTree = "<group>";
		};
		CCABF8B12B7384CE00C01AD8 /* UITaskcell */ = {
			isa = PBXGroup;
			children = (
				CCABF8B22B7384F100C01AD8 /* UITaskTVC.swift */,
				CCABF8B32B7384F100C01AD8 /* UITaskTVC.xib */,
			);
			path = UITaskcell;
			sourceTree = "<group>";
		};
/* End PBXGroup section */

/* Begin PBXNativeTarget section */
		CCABF86E2B7366AA00C01AD8 /* TitlecaseConverter */ = {
			isa = PBXNativeTarget;
			buildConfigurationList = CCABF8992B7366AC00C01AD8 /* Build configuration list for PBXNativeTarget "TitlecaseConverter" */;
			buildPhases = (
				CAC1B28E0183DC6119D9DC40 /* [CP] Check Pods Manifest.lock */,
				CCABF86B2B7366AA00C01AD8 /* Sources */,
				CCABF86C2B7366AA00C01AD8 /* Frameworks */,
				CCABF86D2B7366AA00C01AD8 /* Resources */,
			);
			buildRules = (
			);
			dependencies = (
			);
			name = TitlecaseConverter;
			packageProductDependencies = (
				CCABF8B72B73939800C01AD8 /* SDWebImage */,
				CCABF8B92B73939800C01AD8 /* SDWebImageMapKit */,
				CC5948EF2B7491E1007546CB /* BLTNBoard */,
			);
			productName = TitlecaseConverter;
			productReference = CCABF86F2B7366AA00C01AD8 /* TitlecaseConverter.app */;
			productType = "com.apple.product-type.application";
		};
		CCABF8842B7366AC00C01AD8 /* TitlecaseConverterTests */ = {
			isa = PBXNativeTarget;
			buildConfigurationList = CCABF89C2B7366AC00C01AD8 /* Build configuration list for PBXNativeTarget "TitlecaseConverterTests" */;
			buildPhases = (
				D37C451D664774E5AE2F3D70 /* [CP] Check Pods Manifest.lock */,
				CCABF8812B7366AC00C01AD8 /* Sources */,
				CCABF8822B7366AC00C01AD8 /* Frameworks */,
				CCABF8832B7366AC00C01AD8 /* Resources */,
			);
			buildRules = (
			);
			dependencies = (
				CCABF8872B7366AC00C01AD8 /* PBXTargetDependency */,
			);
			name = TitlecaseConverterTests;
			productName = TitlecaseConverterTests;
			productReference = CCABF8852B7366AC00C01AD8 /* TitlecaseConverterTests.xctest */;
			productType = "com.apple.product-type.bundle.unit-test";
		};
		CCABF88E2B7366AC00C01AD8 /* TitlecaseConverterUITests */ = {
			isa = PBXNativeTarget;
			buildConfigurationList = CCABF89F2B7366AC00C01AD8 /* Build configuration list for PBXNativeTarget "TitlecaseConverterUITests" */;
			buildPhases = (
				EFCDB417A31C26EC648343FB /* [CP] Check Pods Manifest.lock */,
				CCABF88B2B7366AC00C01AD8 /* Sources */,
				CCABF88C2B7366AC00C01AD8 /* Frameworks */,
				CCABF88D2B7366AC00C01AD8 /* Resources */,
			);
			buildRules = (
			);
			dependencies = (
				CCABF8912B7366AC00C01AD8 /* PBXTargetDependency */,
			);
			name = TitlecaseConverterUITests;
			productName = TitlecaseConverterUITests;
			productReference = CCABF88F2B7366AC00C01AD8 /* TitlecaseConverterUITests.xctest */;
			productType = "com.apple.product-type.bundle.ui-testing";
		};
/* End PBXNativeTarget section */

/* Begin PBXProject section */
		CCABF8672B7366AA00C01AD8 /* Project object */ = {
			isa = PBXProject;
			attributes = {
				BuildIndependentTargetsInParallel = 1;
				LastSwiftUpdateCheck = 1420;
				LastUpgradeCheck = 1420;
				TargetAttributes = {
					CCABF86E2B7366AA00C01AD8 = {
						CreatedOnToolsVersion = 14.2;
					};
					CCABF8842B7366AC00C01AD8 = {
						CreatedOnToolsVersion = 14.2;
						TestTargetID = CCABF86E2B7366AA00C01AD8;
					};
					CCABF88E2B7366AC00C01AD8 = {
						CreatedOnToolsVersion = 14.2;
						TestTargetID = CCABF86E2B7366AA00C01AD8;
					};
				};
			};
			buildConfigurationList = CCABF86A2B7366AA00C01AD8 /* Build configuration list for PBXProject "TitlecaseConverter" */;
			compatibilityVersion = "Xcode 14.0";
			developmentRegion = en;
			hasScannedForEncodings = 0;
			knownRegions = (
				en,
				Base,
			);
			mainGroup = CCABF8662B7366AA00C01AD8;
			packageReferences = (
				CCABF8B62B73939800C01AD8 /* XCRemoteSwiftPackageReference "SDWebImage" */,
				CC5948EE2B7491E1007546CB /* XCRemoteSwiftPackageReference "BulletinBoard" */,
			);
			productRefGroup = CCABF8702B7366AA00C01AD8 /* Products */;
			projectDirPath = "";
			projectRoot = "";
			targets = (
				CCABF86E2B7366AA00C01AD8 /* TitlecaseConverter */,
				CCABF8842B7366AC00C01AD8 /* TitlecaseConverterTests */,
				CCABF88E2B7366AC00C01AD8 /* TitlecaseConverterUITests */,
			);
		};
/* End PBXProject section */

/* Begin PBXResourcesBuildPhase section */
		CCABF86D2B7366AA00C01AD8 /* Resources */ = {
			isa = PBXResourcesBuildPhase;
			buildActionMask = 2147483647;
			files = (
				CCABF8AA2B73680600C01AD8 /* TitlecaseTVC.xib in Resources */,
				CCABF87F2B7366AC00C01AD8 /* LaunchScreen.storyboard in Resources */,
				CCABF87C2B7366AC00C01AD8 /* Assets.xcassets in Resources */,
				CCABF87A2B7366AA00C01AD8 /* Main.storyboard in Resources */,
				CCABF8B52B7384F100C01AD8 /* UITaskTVC.xib in Resources */,
			);
			runOnlyForDeploymentPostprocessing = 0;
		};
		CCABF8832B7366AC00C01AD8 /* Resources */ = {
			isa = PBXResourcesBuildPhase;
			buildActionMask = 2147483647;
			files = (
			);
			runOnlyForDeploymentPostprocessing = 0;
		};
		CCABF88D2B7366AC00C01AD8 /* Resources */ = {
			isa = PBXResourcesBuildPhase;
			buildActionMask = 2147483647;
			files = (
			);
			runOnlyForDeploymentPostprocessing = 0;
		};
/* End PBXResourcesBuildPhase section */

/* Begin PBXShellScriptBuildPhase section */
		CAC1B28E0183DC6119D9DC40 /* [CP] Check Pods Manifest.lock */ = {
			isa = PBXShellScriptBuildPhase;
			buildActionMask = 2147483647;
			files = (
			);
			inputFileListPaths = (
			);
			inputPaths = (
				"${PODS_PODFILE_DIR_PATH}/Podfile.lock",
				"${PODS_ROOT}/Manifest.lock",
			);
			name = "[CP] Check Pods Manifest.lock";
			outputFileListPaths = (
			);
			outputPaths = (
				"$(DERIVED_FILE_DIR)/Pods-TitlecaseConverter-checkManifestLockResult.txt",
			);
			runOnlyForDeploymentPostprocessing = 0;
			shellPath = /bin/sh;
			shellScript = "diff \"${PODS_PODFILE_DIR_PATH}/Podfile.lock\" \"${PODS_ROOT}/Manifest.lock\" > /dev/null\nif [ $? != 0 ] ; then\n    # print error to STDERR\n    echo \"error: The sandbox is not in sync with the Podfile.lock. Run 'pod install' or update your CocoaPods installation.\" >&2\n    exit 1\nfi\n# This output is used by Xcode 'outputs' to avoid re-running this script phase.\necho \"SUCCESS\" > \"${SCRIPT_OUTPUT_FILE_0}\"\n";
			showEnvVarsInLog = 0;
		};
		D37C451D664774E5AE2F3D70 /* [CP] Check Pods Manifest.lock */ = {
			isa = PBXShellScriptBuildPhase;
			buildActionMask = 2147483647;
			files = (
			);
			inputFileListPaths = (
			);
			inputPaths = (
				"${PODS_PODFILE_DIR_PATH}/Podfile.lock",
				"${PODS_ROOT}/Manifest.lock",
			);
			name = "[CP] Check Pods Manifest.lock";
			outputFileListPaths = (
			);
			outputPaths = (
				"$(DERIVED_FILE_DIR)/Pods-TitlecaseConverterTests-checkManifestLockResult.txt",
			);
			runOnlyForDeploymentPostprocessing = 0;
			shellPath = /bin/sh;
			shellScript = "diff \"${PODS_PODFILE_DIR_PATH}/Podfile.lock\" \"${PODS_ROOT}/Manifest.lock\" > /dev/null\nif [ $? != 0 ] ; then\n    # print error to STDERR\n    echo \"error: The sandbox is not in sync with the Podfile.lock. Run 'pod install' or update your CocoaPods installation.\" >&2\n    exit 1\nfi\n# This output is used by Xcode 'outputs' to avoid re-running this script phase.\necho \"SUCCESS\" > \"${SCRIPT_OUTPUT_FILE_0}\"\n";
			showEnvVarsInLog = 0;
		};
		EFCDB417A31C26EC648343FB /* [CP] Check Pods Manifest.lock */ = {
			isa = PBXShellScriptBuildPhase;
			buildActionMask = 2147483647;
			files = (
			);
			inputFileListPaths = (
			);
			inputPaths = (
				"${PODS_PODFILE_DIR_PATH}/Podfile.lock",
				"${PODS_ROOT}/Manifest.lock",
			);
			name = "[CP] Check Pods Manifest.lock";
			outputFileListPaths = (
			);
			outputPaths = (
				"$(DERIVED_FILE_DIR)/Pods-TitlecaseConverter-TitlecaseConverterUITests-checkManifestLockResult.txt",
			);
			runOnlyForDeploymentPostprocessing = 0;
			shellPath = /bin/sh;
			shellScript = "diff \"${PODS_PODFILE_DIR_PATH}/Podfile.lock\" \"${PODS_ROOT}/Manifest.lock\" > /dev/null\nif [ $? != 0 ] ; then\n    # print error to STDERR\n    echo \"error: The sandbox is not in sync with the Podfile.lock. Run 'pod install' or update your CocoaPods installation.\" >&2\n    exit 1\nfi\n# This output is used by Xcode 'outputs' to avoid re-running this script phase.\necho \"SUCCESS\" > \"${SCRIPT_OUTPUT_FILE_0}\"\n";
			showEnvVarsInLog = 0;
		};
/* End PBXShellScriptBuildPhase section */

/* Begin PBXSourcesBuildPhase section */
		CCABF86B2B7366AA00C01AD8 /* Sources */ = {
			isa = PBXSourcesBuildPhase;
			buildActionMask = 2147483647;
			files = (
				CCABF8A92B73680600C01AD8 /* TitlecaseTVC.swift in Sources */,
				CCABF8772B7366AA00C01AD8 /* ViewController.swift in Sources */,
				CCABF8B02B7382D800C01AD8 /* UITaskVC.swift in Sources */,
				CCF4E2482B75D8FB00AB4809 /* TableViewCell.swift in Sources */,
				CCABF8732B7366AA00C01AD8 /* AppDelegate.swift in Sources */,
				CC5948F32B749229007546CB /* BottomSheetVC.swift in Sources */,
				CCABF8B42B7384F100C01AD8 /* UITaskTVC.swift in Sources */,
				CC4979162B74FF74005AAC48 /* ProgrammaticUIVC.swift in Sources */,
				CCABF8752B7366AA00C01AD8 /* SceneDelegate.swift in Sources */,
			);
			runOnlyForDeploymentPostprocessing = 0;
		};
		CCABF8812B7366AC00C01AD8 /* Sources */ = {
			isa = PBXSourcesBuildPhase;
			buildActionMask = 2147483647;
			files = (
				CCABF88A2B7366AC00C01AD8 /* TitlecaseConverterTests.swift in Sources */,
			);
			runOnlyForDeploymentPostprocessing = 0;
		};
		CCABF88B2B7366AC00C01AD8 /* Sources */ = {
			isa = PBXSourcesBuildPhase;
			buildActionMask = 2147483647;
			files = (
				CCABF8962B7366AC00C01AD8 /* TitlecaseConverterUITestsLaunchTests.swift in Sources */,
				CCABF8942B7366AC00C01AD8 /* TitlecaseConverterUITests.swift in Sources */,
			);
			runOnlyForDeploymentPostprocessing = 0;
		};
/* End PBXSourcesBuildPhase section */

/* Begin PBXTargetDependency section */
		CCABF8872B7366AC00C01AD8 /* PBXTargetDependency */ = {
			isa = PBXTargetDependency;
			target = CCABF86E2B7366AA00C01AD8 /* TitlecaseConverter */;
			targetProxy = CCABF8862B7366AC00C01AD8 /* PBXContainerItemProxy */;
		};
		CCABF8912B7366AC00C01AD8 /* PBXTargetDependency */ = {
			isa = PBXTargetDependency;
			target = CCABF86E2B7366AA00C01AD8 /* TitlecaseConverter */;
			targetProxy = CCABF8902B7366AC00C01AD8 /* PBXContainerItemProxy */;
		};
/* End PBXTargetDependency section */

/* Begin PBXVariantGroup section */
		CCABF8782B7366AA00C01AD8 /* Main.storyboard */ = {
			isa = PBXVariantGroup;
			children = (
				CCABF8792B7366AA00C01AD8 /* Base */,
			);
			name = Main.storyboard;
			sourceTree = "<group>";
		};
		CCABF87D2B7366AC00C01AD8 /* LaunchScreen.storyboard */ = {
			isa = PBXVariantGroup;
			children = (
				CCABF87E2B7366AC00C01AD8 /* Base */,
			);
			name = LaunchScreen.storyboard;
			sourceTree = "<group>";
		};
/* End PBXVariantGroup section */

/* Begin XCBuildConfiguration section */
		CCABF8972B7366AC00C01AD8 /* Debug */ = {
			isa = XCBuildConfiguration;
			buildSettings = {
				ALWAYS_SEARCH_USER_PATHS = NO;
				CLANG_ANALYZER_NONNULL = YES;
				CLANG_ANALYZER_NUMBER_OBJECT_CONVERSION = YES_AGGRESSIVE;
				CLANG_CXX_LANGUAGE_STANDARD = "gnu++20";
				CLANG_ENABLE_MODULES = YES;
				CLANG_ENABLE_OBJC_ARC = YES;
				CLANG_ENABLE_OBJC_WEAK = YES;
				CLANG_WARN_BLOCK_CAPTURE_AUTORELEASING = YES;
				CLANG_WARN_BOOL_CONVERSION = YES;
				CLANG_WARN_COMMA = YES;
				CLANG_WARN_CONSTANT_CONVERSION = YES;
				CLANG_WARN_DEPRECATED_OBJC_IMPLEMENTATIONS = YES;
				CLANG_WARN_DIRECT_OBJC_ISA_USAGE = YES_ERROR;
				CLANG_WARN_DOCUMENTATION_COMMENTS = YES;
				CLANG_WARN_EMPTY_BODY = YES;
				CLANG_WARN_ENUM_CONVERSION = YES;
				CLANG_WARN_INFINITE_RECURSION = YES;
				CLANG_WARN_INT_CONVERSION = YES;
				CLANG_WARN_NON_LITERAL_NULL_CONVERSION = YES;
				CLANG_WARN_OBJC_IMPLICIT_RETAIN_SELF = YES;
				CLANG_WARN_OBJC_LITERAL_CONVERSION = YES;
				CLANG_WARN_OBJC_ROOT_CLASS = YES_ERROR;
				CLANG_WARN_QUOTED_INCLUDE_IN_FRAMEWORK_HEADER = YES;
				CLANG_WARN_RANGE_LOOP_ANALYSIS = YES;
				CLANG_WARN_STRICT_PROTOTYPES = YES;
				CLANG_WARN_SUSPICIOUS_MOVE = YES;
				CLANG_WARN_UNGUARDED_AVAILABILITY = YES_AGGRESSIVE;
				CLANG_WARN_UNREACHABLE_CODE = YES;
				CLANG_WARN__DUPLICATE_METHOD_MATCH = YES;
				COPY_PHASE_STRIP = NO;
				DEBUG_INFORMATION_FORMAT = dwarf;
				ENABLE_STRICT_OBJC_MSGSEND = YES;
				ENABLE_TESTABILITY = YES;
				GCC_C_LANGUAGE_STANDARD = gnu11;
				GCC_DYNAMIC_NO_PIC = NO;
				GCC_NO_COMMON_BLOCKS = YES;
				GCC_OPTIMIZATION_LEVEL = 0;
				GCC_PREPROCESSOR_DEFINITIONS = (
					"DEBUG=1",
					"$(inherited)",
				);
				GCC_WARN_64_TO_32_BIT_CONVERSION = YES;
				GCC_WARN_ABOUT_RETURN_TYPE = YES_ERROR;
				GCC_WARN_UNDECLARED_SELECTOR = YES;
				GCC_WARN_UNINITIALIZED_AUTOS = YES_AGGRESSIVE;
				GCC_WARN_UNUSED_FUNCTION = YES;
				GCC_WARN_UNUSED_VARIABLE = YES;
				IPHONEOS_DEPLOYMENT_TARGET = 16.2;
				MTL_ENABLE_DEBUG_INFO = INCLUDE_SOURCE;
				MTL_FAST_MATH = YES;
				ONLY_ACTIVE_ARCH = YES;
				SDKROOT = iphoneos;
				SWIFT_ACTIVE_COMPILATION_CONDITIONS = DEBUG;
				SWIFT_OPTIMIZATION_LEVEL = "-Onone";
			};
			name = Debug;
		};
		CCABF8982B7366AC00C01AD8 /* Release */ = {
			isa = XCBuildConfiguration;
			buildSettings = {
				ALWAYS_SEARCH_USER_PATHS = NO;
				CLANG_ANALYZER_NONNULL = YES;
				CLANG_ANALYZER_NUMBER_OBJECT_CONVERSION = YES_AGGRESSIVE;
				CLANG_CXX_LANGUAGE_STANDARD = "gnu++20";
				CLANG_ENABLE_MODULES = YES;
				CLANG_ENABLE_OBJC_ARC = YES;
				CLANG_ENABLE_OBJC_WEAK = YES;
				CLANG_WARN_BLOCK_CAPTURE_AUTORELEASING = YES;
				CLANG_WARN_BOOL_CONVERSION = YES;
				CLANG_WARN_COMMA = YES;
				CLANG_WARN_CONSTANT_CONVERSION = YES;
				CLANG_WARN_DEPRECATED_OBJC_IMPLEMENTATIONS = YES;
				CLANG_WARN_DIRECT_OBJC_ISA_USAGE = YES_ERROR;
				CLANG_WARN_DOCUMENTATION_COMMENTS = YES;
				CLANG_WARN_EMPTY_BODY = YES;
				CLANG_WARN_ENUM_CONVERSION = YES;
				CLANG_WARN_INFINITE_RECURSION = YES;
				CLANG_WARN_INT_CONVERSION = YES;
				CLANG_WARN_NON_LITERAL_NULL_CONVERSION = YES;
				CLANG_WARN_OBJC_IMPLICIT_RETAIN_SELF = YES;
				CLANG_WARN_OBJC_LITERAL_CONVERSION = YES;
				CLANG_WARN_OBJC_ROOT_CLASS = YES_ERROR;
				CLANG_WARN_QUOTED_INCLUDE_IN_FRAMEWORK_HEADER = YES;
				CLANG_WARN_RANGE_LOOP_ANALYSIS = YES;
				CLANG_WARN_STRICT_PROTOTYPES = YES;
				CLANG_WARN_SUSPICIOUS_MOVE = YES;
				CLANG_WARN_UNGUARDED_AVAILABILITY = YES_AGGRESSIVE;
				CLANG_WARN_UNREACHABLE_CODE = YES;
				CLANG_WARN__DUPLICATE_METHOD_MATCH = YES;
				COPY_PHASE_STRIP = NO;
				DEBUG_INFORMATION_FORMAT = "dwarf-with-dsym";
				ENABLE_NS_ASSERTIONS = NO;
				ENABLE_STRICT_OBJC_MSGSEND = YES;
				GCC_C_LANGUAGE_STANDARD = gnu11;
				GCC_NO_COMMON_BLOCKS = YES;
				GCC_WARN_64_TO_32_BIT_CONVERSION = YES;
				GCC_WARN_ABOUT_RETURN_TYPE = YES_ERROR;
				GCC_WARN_UNDECLARED_SELECTOR = YES;
				GCC_WARN_UNINITIALIZED_AUTOS = YES_AGGRESSIVE;
				GCC_WARN_UNUSED_FUNCTION = YES;
				GCC_WARN_UNUSED_VARIABLE = YES;
				IPHONEOS_DEPLOYMENT_TARGET = 16.2;
				MTL_ENABLE_DEBUG_INFO = NO;
				MTL_FAST_MATH = YES;
				SDKROOT = iphoneos;
				SWIFT_COMPILATION_MODE = wholemodule;
				SWIFT_OPTIMIZATION_LEVEL = "-O";
				VALIDATE_PRODUCT = YES;
			};
			name = Release;
		};
		CCABF89A2B7366AC00C01AD8 /* Debug */ = {
			isa = XCBuildConfiguration;
			baseConfigurationReference = CC2671821F76182C50F31AD2 /* Pods-TitlecaseConverter.debug.xcconfig */;
			buildSettings = {
				ASSETCATALOG_COMPILER_APPICON_NAME = AppIcon;
				ASSETCATALOG_COMPILER_GLOBAL_ACCENT_COLOR_NAME = AccentColor;
				CODE_SIGN_STYLE = Automatic;
				CURRENT_PROJECT_VERSION = 1;
				GENERATE_INFOPLIST_FILE = YES;
				INFOPLIST_FILE = TitlecaseConverter/Info.plist;
				INFOPLIST_KEY_UIApplicationSupportsIndirectInputEvents = YES;
				INFOPLIST_KEY_UILaunchStoryboardName = LaunchScreen;
				INFOPLIST_KEY_UIMainStoryboardFile = Main;
				INFOPLIST_KEY_UISupportedInterfaceOrientations_iPad = "UIInterfaceOrientationPortrait UIInterfaceOrientationPortraitUpsideDown UIInterfaceOrientationLandscapeLeft UIInterfaceOrientationLandscapeRight";
				INFOPLIST_KEY_UISupportedInterfaceOrientations_iPhone = "UIInterfaceOrientationPortrait UIInterfaceOrientationLandscapeLeft UIInterfaceOrientationLandscapeRight";
				IPHONEOS_DEPLOYMENT_TARGET = 14.0;
				LD_RUNPATH_SEARCH_PATHS = (
					"$(inherited)",
					"@executable_path/Frameworks",
				);
				MARKETING_VERSION = 1.0;
				PRODUCT_BUNDLE_IDENTIFIER = com.Task.TitlecaseConverter;
				PRODUCT_NAME = "$(TARGET_NAME)";
				SWIFT_EMIT_LOC_STRINGS = YES;
				SWIFT_VERSION = 5.0;
				TARGETED_DEVICE_FAMILY = "1,2";
			};
			name = Debug;
		};
		CCABF89B2B7366AC00C01AD8 /* Release */ = {
			isa = XCBuildConfiguration;
			baseConfigurationReference = A32672A18C40A4C5E072FA96 /* Pods-TitlecaseConverter.release.xcconfig */;
			buildSettings = {
				ASSETCATALOG_COMPILER_APPICON_NAME = AppIcon;
				ASSETCATALOG_COMPILER_GLOBAL_ACCENT_COLOR_NAME = AccentColor;
				CODE_SIGN_STYLE = Automatic;
				CURRENT_PROJECT_VERSION = 1;
				GENERATE_INFOPLIST_FILE = YES;
				INFOPLIST_FILE = TitlecaseConverter/Info.plist;
				INFOPLIST_KEY_UIApplicationSupportsIndirectInputEvents = YES;
				INFOPLIST_KEY_UILaunchStoryboardName = LaunchScreen;
				INFOPLIST_KEY_UIMainStoryboardFile = Main;
				INFOPLIST_KEY_UISupportedInterfaceOrientations_iPad = "UIInterfaceOrientationPortrait UIInterfaceOrientationPortraitUpsideDown UIInterfaceOrientationLandscapeLeft UIInterfaceOrientationLandscapeRight";
				INFOPLIST_KEY_UISupportedInterfaceOrientations_iPhone = "UIInterfaceOrientationPortrait UIInterfaceOrientationLandscapeLeft UIInterfaceOrientationLandscapeRight";
				IPHONEOS_DEPLOYMENT_TARGET = 14.0;
				LD_RUNPATH_SEARCH_PATHS = (
					"$(inherited)",
					"@executable_path/Frameworks",
				);
				MARKETING_VERSION = 1.0;
				PRODUCT_BUNDLE_IDENTIFIER = com.Task.TitlecaseConverter;
				PRODUCT_NAME = "$(TARGET_NAME)";
				SWIFT_EMIT_LOC_STRINGS = YES;
				SWIFT_VERSION = 5.0;
				TARGETED_DEVICE_FAMILY = "1,2";
			};
			name = Release;
		};
		CCABF89D2B7366AC00C01AD8 /* Debug */ = {
			isa = XCBuildConfiguration;
			baseConfigurationReference = B1FBDF09C7A83D53DC5BF246 /* Pods-TitlecaseConverterTests.debug.xcconfig */;
			buildSettings = {
				ALWAYS_EMBED_SWIFT_STANDARD_LIBRARIES = YES;
				BUNDLE_LOADER = "$(TEST_HOST)";
				CODE_SIGN_STYLE = Automatic;
				CURRENT_PROJECT_VERSION = 1;
				GENERATE_INFOPLIST_FILE = YES;
				IPHONEOS_DEPLOYMENT_TARGET = 16.2;
				MARKETING_VERSION = 1.0;
				PRODUCT_BUNDLE_IDENTIFIER = com.Task.TitlecaseConverterTests;
				PRODUCT_NAME = "$(TARGET_NAME)";
				SWIFT_EMIT_LOC_STRINGS = NO;
				SWIFT_VERSION = 5.0;
				TARGETED_DEVICE_FAMILY = "1,2";
				TEST_HOST = "$(BUILT_PRODUCTS_DIR)/TitlecaseConverter.app/$(BUNDLE_EXECUTABLE_FOLDER_PATH)/TitlecaseConverter";
			};
			name = Debug;
		};
		CCABF89E2B7366AC00C01AD8 /* Release */ = {
			isa = XCBuildConfiguration;
			baseConfigurationReference = 56482E1374162FD3A937FE3F /* Pods-TitlecaseConverterTests.release.xcconfig */;
			buildSettings = {
				ALWAYS_EMBED_SWIFT_STANDARD_LIBRARIES = YES;
				BUNDLE_LOADER = "$(TEST_HOST)";
				CODE_SIGN_STYLE = Automatic;
				CURRENT_PROJECT_VERSION = 1;
				GENERATE_INFOPLIST_FILE = YES;
				IPHONEOS_DEPLOYMENT_TARGET = 16.2;
				MARKETING_VERSION = 1.0;
				PRODUCT_BUNDLE_IDENTIFIER = com.Task.TitlecaseConverterTests;
				PRODUCT_NAME = "$(TARGET_NAME)";
				SWIFT_EMIT_LOC_STRINGS = NO;
				SWIFT_VERSION = 5.0;
				TARGETED_DEVICE_FAMILY = "1,2";
				TEST_HOST = "$(BUILT_PRODUCTS_DIR)/TitlecaseConverter.app/$(BUNDLE_EXECUTABLE_FOLDER_PATH)/TitlecaseConverter";
			};
			name = Release;
		};
		CCABF8A02B7366AC00C01AD8 /* Debug */ = {
			isa = XCBuildConfiguration;
			baseConfigurationReference = 4CDF8B35AC70937C9159F4DD /* Pods-TitlecaseConverter-TitlecaseConverterUITests.debug.xcconfig */;
			buildSettings = {
				ALWAYS_EMBED_SWIFT_STANDARD_LIBRARIES = YES;
				CODE_SIGN_STYLE = Automatic;
				CURRENT_PROJECT_VERSION = 1;
				GENERATE_INFOPLIST_FILE = YES;
				MARKETING_VERSION = 1.0;
				PRODUCT_BUNDLE_IDENTIFIER = com.Task.TitlecaseConverterUITests;
				PRODUCT_NAME = "$(TARGET_NAME)";
				SWIFT_EMIT_LOC_STRINGS = NO;
				SWIFT_VERSION = 5.0;
				TARGETED_DEVICE_FAMILY = "1,2";
				TEST_TARGET_NAME = TitlecaseConverter;
			};
			name = Debug;
		};
		CCABF8A12B7366AC00C01AD8 /* Release */ = {
			isa = XCBuildConfiguration;
			baseConfigurationReference = 31396EC733CEF3572F7941AE /* Pods-TitlecaseConverter-TitlecaseConverterUITests.release.xcconfig */;
			buildSettings = {
				ALWAYS_EMBED_SWIFT_STANDARD_LIBRARIES = YES;
				CODE_SIGN_STYLE = Automatic;
				CURRENT_PROJECT_VERSION = 1;
				GENERATE_INFOPLIST_FILE = YES;
				MARKETING_VERSION = 1.0;
				PRODUCT_BUNDLE_IDENTIFIER = com.Task.TitlecaseConverterUITests;
				PRODUCT_NAME = "$(TARGET_NAME)";
				SWIFT_EMIT_LOC_STRINGS = NO;
				SWIFT_VERSION = 5.0;
				TARGETED_DEVICE_FAMILY = "1,2";
				TEST_TARGET_NAME = TitlecaseConverter;
			};
			name = Release;
		};
/* End XCBuildConfiguration section */

/* Begin XCConfigurationList section */
		CCABF86A2B7366AA00C01AD8 /* Build configuration list for PBXProject "TitlecaseConverter" */ = {
			isa = XCConfigurationList;
			buildConfigurations = (
				CCABF8972B7366AC00C01AD8 /* Debug */,
				CCABF8982B7366AC00C01AD8 /* Release */,
			);
			defaultConfigurationIsVisible = 0;
			defaultConfigurationName = Release;
		};
		CCABF8992B7366AC00C01AD8 /* Build configuration list for PBXNativeTarget "TitlecaseConverter" */ = {
			isa = XCConfigurationList;
			buildConfigurations = (
				CCABF89A2B7366AC00C01AD8 /* Debug */,
				CCABF89B2B7366AC00C01AD8 /* Release */,
			);
			defaultConfigurationIsVisible = 0;
			defaultConfigurationName = Release;
		};
		CCABF89C2B7366AC00C01AD8 /* Build configuration list for PBXNativeTarget "TitlecaseConverterTests" */ = {
			isa = XCConfigurationList;
			buildConfigurations = (
				CCABF89D2B7366AC00C01AD8 /* Debug */,
				CCABF89E2B7366AC00C01AD8 /* Release */,
			);
			defaultConfigurationIsVisible = 0;
			defaultConfigurationName = Release;
		};
		CCABF89F2B7366AC00C01AD8 /* Build configuration list for PBXNativeTarget "TitlecaseConverterUITests" */ = {
			isa = XCConfigurationList;
			buildConfigurations = (
				CCABF8A02B7366AC00C01AD8 /* Debug */,
				CCABF8A12B7366AC00C01AD8 /* Release */,
			);
			defaultConfigurationIsVisible = 0;
			defaultConfigurationName = Release;
		};
/* End XCConfigurationList section */

/* Begin XCRemoteSwiftPackageReference section */
		CC5948EE2B7491E1007546CB /* XCRemoteSwiftPackageReference "BulletinBoard" */ = {
			isa = XCRemoteSwiftPackageReference;
			repositoryURL = "https://github.com/alexaubry/BulletinBoard.git";
			requirement = {
				kind = upToNextMajorVersion;
				minimumVersion = 5.0.0;
			};
		};
		CCABF8B62B73939800C01AD8 /* XCRemoteSwiftPackageReference "SDWebImage" */ = {
			isa = XCRemoteSwiftPackageReference;
			repositoryURL = "https://github.com/SDWebImage/SDWebImage.git";
			requirement = {
				kind = upToNextMajorVersion;
				minimumVersion = 5.0.0;
			};
		};
/* End XCRemoteSwiftPackageReference section */

/* Begin XCSwiftPackageProductDependency section */
		CC5948EF2B7491E1007546CB /* BLTNBoard */ = {
			isa = XCSwiftPackageProductDependency;
			package = CC5948EE2B7491E1007546CB /* XCRemoteSwiftPackageReference "BulletinBoard" */;
			productName = BLTNBoard;
		};
		CCABF8B72B73939800C01AD8 /* SDWebImage */ = {
			isa = XCSwiftPackageProductDependency;
			package = CCABF8B62B73939800C01AD8 /* XCRemoteSwiftPackageReference "SDWebImage" */;
			productName = SDWebImage;
		};
		CCABF8B92B73939800C01AD8 /* SDWebImageMapKit */ = {
			isa = XCSwiftPackageProductDependency;
			package = CCABF8B62B73939800C01AD8 /* XCRemoteSwiftPackageReference "SDWebImage" */;
			productName = SDWebImageMapKit;
		};
/* End XCSwiftPackageProductDependency section */
	};
	rootObject = CCABF8672B7366AA00C01AD8 /* Project object */;
}
